
Microsoft Visual Studio Solution File, Format Version 12.00
# Visual Studio 15
Project("{FAE04EC0-301F-11D3-BF4B-00C04F79EFBC}") = "Assembly-CSharp", "Assembly-CSharp.csproj", "{CE661581-3DD3-4EDE-57EA-9B8D5A2B7D60}"
EndProject
Global
	GlobalSection(SolutionConfigurationPlatforms) = preSolution
		Debug|Any CPU = Debug|Any CPU
		Release|Any CPU = Release|Any CPU
	EndGlobalSection
	GlobalSection(ProjectConfigurationPlatforms) = postSolution
		{CE661581-3DD3-4EDE-57EA-9B8D5A2B7D60}.Debug|Any CPU.ActiveCfg = Debug|Any CPU
		{CE661581-3DD3-4EDE-57EA-9B8D5A2B7D60}.Debug|Any CPU.Build.0 = Debug|Any CPU
		{CE661581-3DD3-4EDE-57EA-9B8D5A2B7D60}.Release|Any CPU.ActiveCfg = Release|Any CPU
		{CE661581-3DD3-4EDE-57EA-9B8D5A2B7D60}.Release|Any CPU.Build.0 = Release|Any CPU
	EndGlobalSection
	GlobalSection(SolutionProperties) = preSolution
		HideSolutionNode = FALSE
	EndGlobalSection
EndGlobal
